// !$*UTF8*$!
{
	archiveVersion = 1;
	classes = {
	};
	objectVersion = 46;
	objects = {

/* Begin PBXBuildFile section */
		FB5B51151A089C51004CAD0E /* WebViewController.m in Sources */ = {isa = PBXBuildFile; fileRef = FB5B51141A089C51004CAD0E /* WebViewController.m */; };
		FB69B54C1A0827830075CC64 /* main.m in Sources */ = {isa = PBXBuildFile; fileRef = FB69B54B1A0827830075CC64 /* main.m */; };
		FB69B54F1A0827830075CC64 /* AppDelegate.m in Sources */ = {isa = PBXBuildFile; fileRef = FB69B54E1A0827830075CC64 /* AppDelegate.m */; };
		FB69B5521A0827830075CC64 /* RootViewController.m in Sources */ = {isa = PBXBuildFile; fileRef = FB69B5511A0827830075CC64 /* RootViewController.m */; };
		FB69B5551A0827830075CC64 /* Main.storyboard in Resources */ = {isa = PBXBuildFile; fileRef = FB69B5531A0827830075CC64 /* Main.storyboard */; };
		FB69B5571A0827830075CC64 /* Images.xcassets in Resources */ = {isa = PBXBuildFile; fileRef = FB69B5561A0827830075CC64 /* Images.xcassets */; };
		FB69B55A1A0827830075CC64 /* LaunchScreen.xib in Resources */ = {isa = PBXBuildFile; fileRef = FB69B5581A0827830075CC64 /* LaunchScreen.xib */; };
		FB69B5661A0827830075CC64 /* MeetMeUpTests.m in Sources */ = {isa = PBXBuildFile; fileRef = FB69B5651A0827830075CC64 /* MeetMeUpTests.m */; };
		FB69B5711A087F120075CC64 /* DetailViewController.m in Sources */ = {isa = PBXBuildFile; fileRef = FB69B5701A087F120075CC64 /* DetailViewController.m */; };
/* End PBXBuildFile section */

/* Begin PBXContainerItemProxy section */
		FB69B5601A0827830075CC64 /* PBXContainerItemProxy */ = {
			isa = PBXContainerItemProxy;
			containerPortal = FB69B53E1A0827830075CC64 /* Project object */;
			proxyType = 1;
			remoteGlobalIDString = FB69B5451A0827830075CC64;
			remoteInfo = MeetMeUp;
		};
/* End PBXContainerItemProxy section */

/* Begin PBXFileReference section */
		FB5B51131A089C51004CAD0E /* WebViewController.h */ = {isa = PBXFileReference; fileEncoding = 4; lastKnownFileType = sourcecode.c.h; path = WebViewController.h; sourceTree = "<group>"; };
		FB5B51141A089C51004CAD0E /* WebViewController.m */ = {isa = PBXFileReference; fileEncoding = 4; lastKnownFileType = sourcecode.c.objc; path = WebViewController.m; sourceTree = "<group>"; };
		FB69B5461A0827830075CC64 /* MeetMeUp.app */ = {isa = PBXFileReference; explicitFileType = wrapper.application; includeInIndex = 0; path = MeetMeUp.app; sourceTree = BUILT_PRODUCTS_DIR; };
		FB69B54A1A0827830075CC64 /* Info.plist */ = {isa = PBXFileReference; lastKnownFileType = text.plist.xml; path = Info.plist; sourceTree = "<group>"; };
		FB69B54B1A0827830075CC64 /* main.m */ = {isa = PBXFileReference; lastKnownFileType = sourcecode.c.objc; path = main.m; sourceTree = "<group>"; };
		FB69B54D1A0827830075CC64 /* AppDelegate.h */ = {isa = PBXFileReference; lastKnownFileType = sourcecode.c.h; path = AppDelegate.h; sourceTree = "<group>"; };
		FB69B54E1A0827830075CC64 /* AppDelegate.m */ = {isa = PBXFileReference; lastKnownFileType = sourcecode.c.objc; path = AppDelegate.m; sourceTree = "<group>"; };
		FB69B5501A0827830075CC64 /* RootViewController.h */ = {isa = PBXFileReference; lastKnownFileType = sourcecode.c.h; path = RootViewController.h; sourceTree = "<group>"; };
		FB69B5511A0827830075CC64 /* RootViewController.m */ = {isa = PBXFileReference; lastKnownFileType = sourcecode.c.objc; path = RootViewController.m; sourceTree = "<group>"; };
		FB69B5541A0827830075CC64 /* Base */ = {isa = PBXFileReference; lastKnownFileType = file.storyboard; name = Base; path = Base.lproj/Main.storyboard; sourceTree = "<group>"; };
		FB69B5561A0827830075CC64 /* Images.xcassets */ = {isa = PBXFileReference; lastKnownFileType = folder.assetcatalog; path = Images.xcassets; sourceTree = "<group>"; };
		FB69B5591A0827830075CC64 /* Base */ = {isa = PBXFileReference; lastKnownFileType = file.xib; name = Base; path = Base.lproj/LaunchScreen.xib; sourceTree = "<group>"; };
		FB69B55F1A0827830075CC64 /* MeetMeUpTests.xctest */ = {isa = PBXFileReference; explicitFileType = wrapper.cfbundle; includeInIndex = 0; path = MeetMeUpTests.xctest; sourceTree = BUILT_PRODUCTS_DIR; };
		FB69B5641A0827830075CC64 /* Info.plist */ = {isa = PBXFileReference; lastKnownFileType = text.plist.xml; path = Info.plist; sourceTree = "<group>"; };
		FB69B5651A0827830075CC64 /* MeetMeUpTests.m */ = {isa = PBXFileReference; lastKnownFileType = sourcecode.c.objc; path = MeetMeUpTests.m; sourceTree = "<group>"; };
		FB69B56F1A087F120075CC64 /* DetailViewController.h */ = {isa = PBXFileReference; fileEncoding = 4; lastKnownFileType = sourcecode.c.h; path = DetailViewController.h; sourceTree = "<group>"; };
		FB69B5701A087F120075CC64 /* DetailViewController.m */ = {isa = PBXFileReference; fileEncoding = 4; lastKnownFileType = sourcecode.c.objc; path = DetailViewController.m; sourceTree = "<group>"; };
/* End PBXFileReference section */

/* Begin PBXFrameworksBuildPhase section */
		FB69B5431A0827830075CC64 /* Frameworks */ = {
			isa = PBXFrameworksBuildPhase;
			buildActionMask = 2147483647;
			files = (
			);
			runOnlyForDeploymentPostprocessing = 0;
		};
		FB69B55C1A0827830075CC64 /* Frameworks */ = {
			isa = PBXFrameworksBuildPhase;
			buildActionMask = 2147483647;
			files = (
			);
			runOnlyForDeploymentPostprocessing = 0;
		};
/* End PBXFrameworksBuildPhase section */

/* Begin PBXGroup section */
		FB69B53D1A0827830075CC64 = {
			isa = PBXGroup;
			children = (
				FB69B5481A0827830075CC64 /* MeetMeUp */,
				FB69B5621A0827830075CC64 /* MeetMeUpTests */,
				FB69B5471A0827830075CC64 /* Products */,
			);
			sourceTree = "<group>";
		};
		FB69B5471A0827830075CC64 /* Products */ = {
			isa = PBXGroup;
			children = (
				FB69B5461A0827830075CC64 /* MeetMeUp.app */,
				FB69B55F1A0827830075CC64 /* MeetMeUpTests.xctest */,
			);
			name = Products;
			sourceTree = "<group>";
		};
		FB69B5481A0827830075CC64 /* MeetMeUp */ = {
			isa = PBXGroup;
			children = (
				FB69B54D1A0827830075CC64 /* AppDelegate.h */,
				FB69B54E1A0827830075CC64 /* AppDelegate.m */,
				FB69B5501A0827830075CC64 /* RootViewController.h */,
				FB69B5511A0827830075CC64 /* RootViewController.m */,
				FB69B56F1A087F120075CC64 /* DetailViewController.h */,
				FB69B5701A087F120075CC64 /* DetailViewController.m */,
				FB5B51131A089C51004CAD0E /* WebViewController.h */,
				FB5B51141A089C51004CAD0E /* WebViewController.m */,
				FB69B5531A0827830075CC64 /* Main.storyboard */,
				FB69B5561A0827830075CC64 /* Images.xcassets */,
				FB69B5581A0827830075CC64 /* LaunchScreen.xib */,
				FB69B5491A0827830075CC64 /* Supporting Files */,
			);
			path = MeetMeUp;
			sourceTree = "<group>";
		};
		FB69B5491A0827830075CC64 /* Supporting Files */ = {
			isa = PBXGroup;
			children = (
				FB69B54A1A0827830075CC64 /* Info.plist */,
				FB69B54B1A0827830075CC64 /* main.m */,
			);
			name = "Supporting Files";
			sourceTree = "<group>";
		};
		FB69B5621A0827830075CC64 /* MeetMeUpTests */ = {
			isa = PBXGroup;
			children = (
				FB69B5651A0827830075CC64 /* MeetMeUpTests.m */,
				FB69B5631A0827830075CC64 /* Supporting Files */,
			);
			path = MeetMeUpTests;
			sourceTree = "<group>";
		};
		FB69B5631A0827830075CC64 /* Supporting Files */ = {
			isa = PBXGroup;
			children = (
				FB69B5641A0827830075CC64 /* Info.plist */,
			);
			name = "Supporting Files";
			sourceTree = "<group>";
		};
/* End PBXGroup section */

/* Begin PBXNativeTarget section */
		FB69B5451A0827830075CC64 /* MeetMeUp */ = {
			isa = PBXNativeTarget;
			buildConfigurationList = FB69B5691A0827830075CC64 /* Build configuration list for PBXNativeTarget "MeetMeUp" */;
			buildPhases = (
				FB69B5421A0827830075CC64 /* Sources */,
				FB69B5431A0827830075CC64 /* Frameworks */,
				FB69B5441A0827830075CC64 /* Resources */,
			);
			buildRules = (
			);
			dependencies = (
			);
			name = MeetMeUp;
			productName = MeetMeUp;
			productReference = FB69B5461A0827830075CC64 /* MeetMeUp.app */;
			productType = "com.apple.product-type.application";
		};
		FB69B55E1A0827830075CC64 /* MeetMeUpTests */ = {
			isa = PBXNativeTarget;
			buildConfigurationList = FB69B56C1A0827830075CC64 /* Build configuration list for PBXNativeTarget "MeetMeUpTests" */;
			buildPhases = (
				FB69B55B1A0827830075CC64 /* Sources */,
				FB69B55C1A0827830075CC64 /* Frameworks */,
				FB69B55D1A0827830075CC64 /* Resources */,
			);
			buildRules = (
			);
			dependencies = (
				FB69B5611A0827830075CC64 /* PBXTargetDependency */,
			);
			name = MeetMeUpTests;
			productName = MeetMeUpTests;
			productReference = FB69B55F1A0827830075CC64 /* MeetMeUpTests.xctest */;
			productType = "com.apple.product-type.bundle.unit-test";
		};
/* End PBXNativeTarget section */

/* Begin PBXProject section */
		FB69B53E1A0827830075CC64 /* Project object */ = {
			isa = PBXProject;
			attributes = {
				LastUpgradeCheck = 0610;
				ORGANIZATIONNAME = "May Yang";
				TargetAttributes = {
					FB69B5451A0827830075CC64 = {
						CreatedOnToolsVersion = 6.1;
					};
					FB69B55E1A0827830075CC64 = {
						CreatedOnToolsVersion = 6.1;
						TestTargetID = FB69B5451A0827830075CC64;
					};
				};
			};
			buildConfigurationList = FB69B5411A0827830075CC64 /* Build configuration list for PBXProject "MeetMeUp" */;
			compatibilityVersion = "Xcode 3.2";
			developmentRegion = English;
			hasScannedForEncodings = 0;
			knownRegions = (
				en,
				Base,
			);
			mainGroup = FB69B53D1A0827830075CC64;
			productRefGroup = FB69B5471A0827830075CC64 /* Products */;
			projectDirPath = "";
			projectRoot = "";
			targets = (
				FB69B5451A0827830075CC64 /* MeetMeUp */,
				FB69B55E1A0827830075CC64 /* MeetMeUpTests */,
			);
		};
/* End PBXProject section */

/* Begin PBXResourcesBuildPhase section */
		FB69B5441A0827830075CC64 /* Resources */ = {
			isa = PBXResourcesBuildPhase;
			buildActionMask = 2147483647;
			files = (
				FB69B5551A0827830075CC64 /* Main.storyboard in Resources */,
				FB69B55A1A0827830075CC64 /* LaunchScreen.xib in Resources */,
				FB69B5571A0827830075CC64 /* Images.xcassets in Resources */,
			);
			runOnlyForDeploymentPostprocessing = 0;
		};
		FB69B55D1A0827830075CC64 /* Resources */ = {
			isa = PBXResourcesBuildPhase;
			buildActionMask = 2147483647;
			files = (
			);
			runOnlyForDeploymentPostprocessing = 0;
		};
/* End PBXResourcesBuildPhase section */

/* Begin PBXSourcesBuildPhase section */
		FB69B5421A0827830075CC64 /* Sources */ = {
			isa = PBXSourcesBuildPhase;
			buildActionMask = 2147483647;
			files = (
				FB69B5521A0827830075CC64 /* RootViewController.m in Sources */,
				FB5B51151A089C51004CAD0E /* WebViewController.m in Sources */,
				FB69B54F1A0827830075CC64 /* AppDelegate.m in Sources */,
				FB69B5711A087F120075CC64 /* DetailViewController.m in Sources */,
				FB69B54C1A0827830075CC64 /* main.m in Sources */,
			);
			runOnlyForDeploymentPostprocessing = 0;
		};
		FB69B55B1A0827830075CC64 /* Sources */ = {
			isa = PBXSourcesBuildPhase;
			buildActionMask = 2147483647;
			files = (
				FB69B5661A0827830075CC64 /* MeetMeUpTests.m in Sources */,
			);
			runOnlyForDeploymentPostprocessing = 0;
		};
/* End PBXSourcesBuildPhase section */

/* Begin PBXTargetDependency section */
		FB69B5611A0827830075CC64 /* PBXTargetDependency */ = {
			isa = PBXTargetDependency;
			target = FB69B5451A0827830075CC64 /* MeetMeUp */;
			targetProxy = FB69B5601A0827830075CC64 /* PBXContainerItemProxy */;
		};
/* End PBXTargetDependency section */

/* Begin PBXVariantGroup section */
		FB69B5531A0827830075CC64 /* Main.storyboard */ = {
			isa = PBXVariantGroup;
			children = (
				FB69B5541A0827830075CC64 /* Base */,
			);
			name = Main.storyboard;
			sourceTree = "<group>";
		};
		FB69B5581A0827830075CC64 /* LaunchScreen.xib */ = {
			isa = PBXVariantGroup;
			children = (
				FB69B5591A0827830075CC64 /* Base */,
			);
			name = LaunchScreen.xib;
			sourceTree = "<group>";
		};
/* End PBXVariantGroup section */

/* Begin XCBuildConfiguration section */
		FB69B5671A0827830075CC64 /* Debug */ = {
			isa = XCBuildConfiguration;
			buildSettings = {
				ALWAYS_SEARCH_USER_PATHS = NO;
				CLANG_CXX_LANGUAGE_STANDARD = "gnu++0x";
				CLANG_CXX_LIBRARY = "libc++";
				CLANG_ENABLE_MODULES = YES;
				CLANG_ENABLE_OBJC_ARC = YES;
				CLANG_WARN_BOOL_CONVERSION = YES;
				CLANG_WARN_CONSTANT_CONVERSION = YES;
				CLANG_WARN_DIRECT_OBJC_ISA_USAGE = YES_ERROR;
				CLANG_WARN_EMPTY_BODY = YES;
				CLANG_WARN_ENUM_CONVERSION = YES;
				CLANG_WARN_INT_CONVERSION = YES;
				CLANG_WARN_OBJC_ROOT_CLASS = YES_ERROR;
				CLANG_WARN_UNREACHABLE_CODE = YES;
				CLANG_WARN__DUPLICATE_METHOD_MATCH = YES;
				"CODE_SIGN_IDENTITY[sdk=iphoneos*]" = "iPhone Developer";
				COPY_PHASE_STRIP = NO;
				ENABLE_STRICT_OBJC_MSGSEND = YES;
				GCC_C_LANGUAGE_STANDARD = gnu99;
				GCC_DYNAMIC_NO_PIC = NO;
				GCC_OPTIMIZATION_LEVEL = 0;
				GCC_PREPROCESSOR_DEFINITIONS = (
					"DEBUG=1",
					"$(inherited)",
				);
				GCC_SYMBOLS_PRIVATE_EXTERN = NO;
				GCC_WARN_64_TO_32_BIT_CONVERSION = YES;
				GCC_WARN_ABOUT_RETURN_TYPE = YES_ERROR;
				GCC_WARN_UNDECLARED_SELECTOR = YES;
				GCC_WARN_UNINITIALIZED_AUTOS = YES_AGGRESSIVE;
				GCC_WARN_UNUSED_FUNCTION = YES;
				GCC_WARN_UNUSED_VARIABLE = YES;
				IPHONEOS_DEPLOYMENT_TARGET = 8.1;
				MTL_ENABLE_DEBUG_INFO = YES;
				ONLY_ACTIVE_ARCH = YES;
				SDKROOT = iphoneos;
			};
			name = Debug;
		};
		FB69B5681A0827830075CC64 /* Release */ = {
			isa = XCBuildConfiguration;
			buildSettings = {
				ALWAYS_SEARCH_USER_PATHS = NO;
				CLANG_CXX_LANGUAGE_STANDARD = "gnu++0x";
				CLANG_CXX_LIBRARY = "libc++";
				CLANG_ENABLE_MODULES = YES;
				CLANG_ENABLE_OBJC_ARC = YES;
				CLANG_WARN_BOOL_CONVERSION = YES;
				CLANG_WARN_CONSTANT_CONVERSION = YES;
				CLANG_WARN_DIRECT_OBJC_ISA_USAGE = YES_ERROR;
				CLANG_WARN_EMPTY_BODY = YES;
				CLANG_WARN_ENUM_CONVERSION = YES;
				CLANG_WARN_INT_CONVERSION = YES;
				CLANG_WARN_OBJC_ROOT_CLASS = YES_ERROR;
				CLANG_WARN_UNREACHABLE_CODE = YES;
				CLANG_WARN__DUPLICATE_METHOD_MATCH = YES;
				"CODE_SIGN_IDENTITY[sdk=iphoneos*]" = "iPhone Developer";
				COPY_PHASE_STRIP = YES;
				ENABLE_NS_ASSERTIONS = NO;
				ENABLE_STRICT_OBJC_MSGSEND = YES;
				GCC_C_LANGUAGE_STANDARD = gnu99;
				GCC_WARN_64_TO_32_BIT_CONVERSION = YES;
				GCC_WARN_ABOUT_RETURN_TYPE = YES_ERROR;
				GCC_WARN_UNDECLARED_SELECTOR = YES;
				GCC_WARN_UNINITIALIZED_AUTOS = YES_AGGRESSIVE;
				GCC_WARN_UNUSED_FUNCTION = YES;
				GCC_WARN_UNUSED_VARIABLE = YES;
				IPHONEOS_DEPLOYMENT_TARGET = 8.1;
				MTL_ENABLE_DEBUG_INFO = NO;
				SDKROOT = iphoneos;
				VALIDATE_PRODUCT = YES;
			};
			name = Release;
		};
		FB69B56A1A0827830075CC64 /* Debug */ = {
			isa = XCBuildConfiguration;
			buildSettings = {
				ASSETCATALOG_COMPILER_APPICON_NAME = AppIcon;
				INFOPLIST_FILE = MeetMeUp/Info.plist;
				LD_RUNPATH_SEARCH_PATHS = "$(inherited) @executable_path/Frameworks";
				PRODUCT_NAME = "$(TARGET_NAME)";
			};
			name = Debug;
		};
		FB69B56B1A0827830075CC64 /* Release */ = {
			isa = XCBuildConfiguration;
			buildSettings = {
				ASSETCATALOG_COMPILER_APPICON_NAME = AppIcon;
				INFOPLIST_FILE = MeetMeUp/Info.plist;
				LD_RUNPATH_SEARCH_PATHS = "$(inherited) @executable_path/Frameworks";
				PRODUCT_NAME = "$(TARGET_NAME)";
			};
			name = Release;
		};
		FB69B56D1A0827830075CC64 /* Debug */ = {
			isa = XCBuildConfiguration;
			buildSettings = {
				BUNDLE_LOADER = "$(TEST_HOST)";
				FRAMEWORK_SEARCH_PATHS = (
					"$(SDKROOT)/Developer/Library/Frameworks",
					"$(inherited)",
				);
				GCC_PREPROCESSOR_DEFINITIONS = (
					"DEBUG=1",
					"$(inherited)",
				);
				INFOPLIST_FILE = MeetMeUpTests/Info.plist;
				LD_RUNPATH_SEARCH_PATHS = "$(inherited) @executable_path/Frameworks @loader_path/Frameworks";
				PRODUCT_NAME = "$(TARGET_NAME)";
				TEST_HOST = "$(BUILT_PRODUCTS_DIR)/MeetMeUp.app/MeetMeUp";
			};
			name = Debug;
		};
		FB69B56E1A0827830075CC64 /* Release */ = {
			isa = XCBuildConfiguration;
			buildSettings = {
				BUNDLE_LOADER = "$(TEST_HOST)";
				FRAMEWORK_SEARCH_PATHS = (
					"$(SDKROOT)/Developer/Library/Frameworks",
					"$(inherited)",
				);
				INFOPLIST_FILE = MeetMeUpTests/Info.plist;
				LD_RUNPATH_SEARCH_PATHS = "$(inherited) @executable_path/Frameworks @loader_path/Frameworks";
				PRODUCT_NAME = "$(TARGET_NAME)";
				TEST_HOST = "$(BUILT_PRODUCTS_DIR)/MeetMeUp.app/MeetMeUp";
			};
			name = Release;
		};
/* End XCBuildConfiguration section */

/* Begin XCConfigurationList section */
		FB69B5411A0827830075CC64 /* Build configuration list for PBXProject "MeetMeUp" */ = {
			isa = XCConfigurationList;
			buildConfigurations = (
				FB69B5671A0827830075CC64 /* Debug */,
				FB69B5681A0827830075CC64 /* Release */,
			);
			defaultConfigurationIsVisible = 0;
			defaultConfigurationName = Release;
		};
		FB69B5691A0827830075CC64 /* Build configuration list for PBXNativeTarget "MeetMeUp" */ = {
			isa = XCConfigurationList;
			buildConfigurations = (
				FB69B56A1A0827830075CC64 /* Debug */,
				FB69B56B1A0827830075CC64 /* Release */,
			);
			defaultConfigurationIsVisible = 0;
			defaultConfigurationName = Release;
		};
		FB69B56C1A0827830075CC64 /* Build configuration list for PBXNativeTarget "MeetMeUpTests" */ = {
			isa = XCConfigurationList;
			buildConfigurations = (
				FB69B56D1A0827830075CC64 /* Debug */,
				FB69B56E1A0827830075CC64 /* Release */,
			);
			defaultConfigurationIsVisible = 0;
			defaultConfigurationName = Release;
		};
/* End XCConfigurationList section */
	};
	rootObject = FB69B53E1A0827830075CC64 /* Project object */;
}
